
Microsoft Visual Studio Solution File, Format Version 12.00
# Visual Studio Version 16
VisualStudioVersion = 16.0.29728.190
MinimumVisualStudioVersion = 10.0.40219.1
Project("{9A19103F-16F7-4668-BE54-9A1E7A4F7556}") = "ViberBot", "ViberBot\ViberBot.csproj", "{9960669B-BE30-4B28-A554-95C29F1B3CBC}"
EndProject
Global
	GlobalSection(SolutionConfigurationPlatforms) = preSolution
		Debug|Any CPU = Debug|Any CPU
		Release|Any CPU = Release|Any CPU
	EndGlobalSection
	GlobalSection(ProjectConfigurationPlatforms) = postSolution
		{9960669B-BE30-4B28-A554-95C29F1B3CBC}.Debug|Any CPU.ActiveCfg = Debug|Any CPU
		{9960669B-BE30-4B28-A554-95C29F1B3CBC}.Debug|Any CPU.Build.0 = Debug|Any CPU
		{9960669B-BE30-4B28-A554-95C29F1B3CBC}.Release|Any CPU.ActiveCfg = Release|Any CPU
		{9960669B-BE30-4B28-A554-95C29F1B3CBC}.Release|Any CPU.Build.0 = Release|Any CPU
	EndGlobalSection
	GlobalSection(SolutionProperties) = preSolution
		HideSolutionNode = FALSE
	EndGlobalSection
	GlobalSection(ExtensibilityGlobals) = postSolution
		SolutionGuid = {D9C88D0B-A32E-4679-85C1-F87B2BE42F29}
	EndGlobalSection
EndGlobal
